
Microsoft Visual Studio Solution File, Format Version 12.00
# Visual Studio Version 17
VisualStudioVersion = 17.5.33516.290
MinimumVisualStudioVersion = 10.0.40219.1
Project("{FAE04EC0-301F-11D3-BF4B-00C04F79EFBC}") = "PersistentMarkers", "PersistentMarkers.csproj", "{FEAC735F-5025-4673-9F9F-19396AA0FA27}"
EndProject
Global
	GlobalSection(SolutionConfigurationPlatforms) = preSolution
		Debug|Any CPU = Debug|Any CPU
		Release|Any CPU = Release|Any CPU
	EndGlobalSection
	GlobalSection(ProjectConfigurationPlatforms) = postSolution
		{FEAC735F-5025-4673-9F9F-19396AA0FA27}.Debug|Any CPU.ActiveCfg = Debug|Any CPU
		{FEAC735F-5025-4673-9F9F-19396AA0FA27}.Debug|Any CPU.Build.0 = Debug|Any CPU
		{FEAC735F-5025-4673-9F9F-19396AA0FA27}.Release|Any CPU.ActiveCfg = Release|Any CPU
		{FEAC735F-5025-4673-9F9F-19396AA0FA27}.Release|Any CPU.Build.0 = Release|Any CPU
	EndGlobalSection
	GlobalSection(SolutionProperties) = preSolution
		HideSolutionNode = FALSE
	EndGlobalSection
	GlobalSection(ExtensibilityGlobals) = postSolution
		SolutionGuid = {5608B72D-F092-4CD4-9DD8-5DA256F1B08B}
	EndGlobalSection
EndGlobal
